
Microsoft Visual Studio Solution File, Format Version 12.00
# Visual Studio Version 16
VisualStudioVersion = 16.0.31515.178
MinimumVisualStudioVersion = 10.0.40219.1
Project("{FAE04EC0-301F-11D3-BF4B-00C04F79EFBC}") = "Stager", "Stager\Stager.csproj", "{EA7EFB1C-95EF-41B6-AC26-7FEBDA1013A3}"
EndProject
Project("{FAE04EC0-301F-11D3-BF4B-00C04F79EFBC}") = "Beacon", "Beacon\Beacon.csproj", "{645547E5-8618-488D-87BB-589AF12549FD}"
EndProject
Global
	GlobalSection(SolutionConfigurationPlatforms) = preSolution
		Debug|Any CPU = Debug|Any CPU
		Release|Any CPU = Release|Any CPU
	EndGlobalSection
	GlobalSection(ProjectConfigurationPlatforms) = postSolution
		{EA7EFB1C-95EF-41B6-AC26-7FEBDA1013A3}.Debug|Any CPU.ActiveCfg = Debug|Any CPU
		{EA7EFB1C-95EF-41B6-AC26-7FEBDA1013A3}.Debug|Any CPU.Build.0 = Debug|Any CPU
		{EA7EFB1C-95EF-41B6-AC26-7FEBDA1013A3}.Release|Any CPU.ActiveCfg = Release|Any CPU
		{EA7EFB1C-95EF-41B6-AC26-7FEBDA1013A3}.Release|Any CPU.Build.0 = Release|Any CPU
		{645547E5-8618-488D-87BB-589AF12549FD}.Debug|Any CPU.ActiveCfg = Debug|Any CPU
		{645547E5-8618-488D-87BB-589AF12549FD}.Debug|Any CPU.Build.0 = Debug|Any CPU
		{645547E5-8618-488D-87BB-589AF12549FD}.Release|Any CPU.ActiveCfg = Release|Any CPU
		{645547E5-8618-488D-87BB-589AF12549FD}.Release|Any CPU.Build.0 = Release|Any CPU
	EndGlobalSection
	GlobalSection(SolutionProperties) = preSolution
		HideSolutionNode = FALSE
	EndGlobalSection
	GlobalSection(ExtensibilityGlobals) = postSolution
		SolutionGuid = {B7E15006-D7A3-47C3-9387-F131CAC4A2B7}
	EndGlobalSection
EndGlobal
